
Microsoft Visual Studio Solution File, Format Version 12.00
# Visual Studio Version 16
VisualStudioVersion = 16.0.29905.134
MinimumVisualStudioVersion = 10.0.40219.1
Project("{FAE04EC0-301F-11D3-BF4B-00C04F79EFBC}") = "conditional operators(ternary operator)", "conditional operators(ternary operator)\conditional operators(ternary operator).csproj", "{18602C5F-59A1-462C-ACDB-39E255CB938D}"
EndProject
Global
	GlobalSection(SolutionConfigurationPlatforms) = preSolution
		Debug|Any CPU = Debug|Any CPU
		Release|Any CPU = Release|Any CPU
	EndGlobalSection
	GlobalSection(ProjectConfigurationPlatforms) = postSolution
		{18602C5F-59A1-462C-ACDB-39E255CB938D}.Debug|Any CPU.ActiveCfg = Debug|Any CPU
		{18602C5F-59A1-462C-ACDB-39E255CB938D}.Debug|Any CPU.Build.0 = Debug|Any CPU
		{18602C5F-59A1-462C-ACDB-39E255CB938D}.Release|Any CPU.ActiveCfg = Release|Any CPU
		{18602C5F-59A1-462C-ACDB-39E255CB938D}.Release|Any CPU.Build.0 = Release|Any CPU
	EndGlobalSection
	GlobalSection(SolutionProperties) = preSolution
		HideSolutionNode = FALSE
	EndGlobalSection
	GlobalSection(ExtensibilityGlobals) = postSolution
		SolutionGuid = {55931B04-6CDA-4FC9-8281-5BC29A2ED995}
	EndGlobalSection
EndGlobal
